PODS:
  - GoogleMaps (7.0.0):
    - GoogleMaps/Maps (= 7.0.0)
  - GoogleMaps/Base (7.0.0)
  - GoogleMaps/Maps (7.0.0):
    - GoogleMaps/Base
  - Realm (10.28.2):
    - Realm/Headers (= 10.28.2)
  - Realm/Headers (10.28.2)
  - RealmSwift (10.28.2):
    - Realm (= 10.28.2)

DEPENDENCIES:
  - GoogleMaps
  - RealmSwift

SPEC REPOS:
  trunk:
    - GoogleMaps
    - Realm
    - RealmSwift

SPEC CHECKSUMS:
  GoogleMaps: 6e9c923ca035989709fcb5771544fda4cc5fa2a4
  Realm: e617c54ad0f566b3d0f6a2abae7010de05f252ac
  RealmSwift: 8a516a8759d80d52ebcec1ff1076f5f5159f98b2

PODFILE CHECKSUM: 84f18e0163d45e96099e59edb88268470a924ed2

COCOAPODS: 1.11.2
